// !$*UTF8*$!
{
	archiveVersion = 1;
	classes = {
	};
	objectVersion = 51;
	objects = {

/* Begin PBXBuildFile section */
		3D7F45A9112293F8474D06D4 /* Pods_Caliy.framework in Frameworks */ = {isa = PBXBuildFile; fileRef = 19E1BE52393F5BA4FD1ED3E2 /* Pods_Caliy.framework */; };
		53FA256CB2892A0F3E90CB87 /* Pods_Caliy_CaliyUITests.framework in Frameworks */ = {isa = PBXBuildFile; fileRef = CC0DB417305520C5A2B630BE /* Pods_Caliy_CaliyUITests.framework */; };
		72E0B38604C70E034BD72AEF /* Pods_CaliyTests.framework in Frameworks */ = {isa = PBXBuildFile; fileRef = 51AB6320738546AF2F3C9FDD /* Pods_CaliyTests.framework */; };
		9A083FA624CCD55D001057D2 /* AppDelegate.swift in Sources */ = {isa = PBXBuildFile; fileRef = 9A083FA524CCD55D001057D2 /* AppDelegate.swift */; };
		9A083FA824CCD55D001057D2 /* SceneDelegate.swift in Sources */ = {isa = PBXBuildFile; fileRef = 9A083FA724CCD55D001057D2 /* SceneDelegate.swift */; };
		9A083FB024CCD55D001057D2 /* Caliy.xcdatamodeld in Sources */ = {isa = PBXBuildFile; fileRef = 9A083FAE24CCD55D001057D2 /* Caliy.xcdatamodeld */; };
		9A083FB224CCD55E001057D2 /* Assets.xcassets in Resources */ = {isa = PBXBuildFile; fileRef = 9A083FB124CCD55E001057D2 /* Assets.xcassets */; };
		9A083FB524CCD55E001057D2 /* LaunchScreen.storyboard in Resources */ = {isa = PBXBuildFile; fileRef = 9A083FB324CCD55E001057D2 /* LaunchScreen.storyboard */; };
		9A083FC024CCD55E001057D2 /* CaliyTests.swift in Sources */ = {isa = PBXBuildFile; fileRef = 9A083FBF24CCD55E001057D2 /* CaliyTests.swift */; };
		9A083FCB24CCD55E001057D2 /* CaliyUITests.swift in Sources */ = {isa = PBXBuildFile; fileRef = 9A083FCA24CCD55E001057D2 /* CaliyUITests.swift */; };
		9A083FD924CCDBDE001057D2 /* BaseViewController.swift in Sources */ = {isa = PBXBuildFile; fileRef = 9A083FD824CCDBDE001057D2 /* BaseViewController.swift */; };
		9A083FDB24CCDC22001057D2 /* HistoryRecordVC.swift in Sources */ = {isa = PBXBuildFile; fileRef = 9A083FDA24CCDC22001057D2 /* HistoryRecordVC.swift */; };
		9A083FDD24CCDC3B001057D2 /* HistoryRecordCell.swift in Sources */ = {isa = PBXBuildFile; fileRef = 9A083FDC24CCDC3B001057D2 /* HistoryRecordCell.swift */; };
		9A083FDF24CCDC66001057D2 /* RealmService.swift in Sources */ = {isa = PBXBuildFile; fileRef = 9A083FDE24CCDC66001057D2 /* RealmService.swift */; };
		9A083FE124CCDC72001057D2 /* LocalizedStringStorage.swift in Sources */ = {isa = PBXBuildFile; fileRef = 9A083FE024CCDC72001057D2 /* LocalizedStringStorage.swift */; };
		9A083FE324CCDC7B001057D2 /* HistoryRecord.swift in Sources */ = {isa = PBXBuildFile; fileRef = 9A083FE224CCDC7B001057D2 /* HistoryRecord.swift */; };
		9A083FE524CCDC88001057D2 /* UserDefaultSetup.swift in Sources */ = {isa = PBXBuildFile; fileRef = 9A083FE424CCDC88001057D2 /* UserDefaultSetup.swift */; };
		9A083FE724CCDC90001057D2 /* ColorList.swift in Sources */ = {isa = PBXBuildFile; fileRef = 9A083FE624CCDC90001057D2 /* ColorList.swift */; };
		9A083FE924CCDC99001057D2 /* Notification.swift in Sources */ = {isa = PBXBuildFile; fileRef = 9A083FE824CCDC99001057D2 /* Notification.swift */; };
		9A083FEB24CCDCA2001057D2 /* FontSizes.swift in Sources */ = {isa = PBXBuildFile; fileRef = 9A083FEA24CCDCA2001057D2 /* FontSizes.swift */; };
		9A083FED24CCDCAB001057D2 /* UIViewController+Ext.swift in Sources */ = {isa = PBXBuildFile; fileRef = 9A083FEC24CCDCAB001057D2 /* UIViewController+Ext.swift */; };
		9A083FEF24CCDCB4001057D2 /* UIView+Ext.swift in Sources */ = {isa = PBXBuildFile; fileRef = 9A083FEE24CCDCB4001057D2 /* UIView+Ext.swift */; };
		9A083FF124CCDCC3001057D2 /* UIDevice+Ext.swift in Sources */ = {isa = PBXBuildFile; fileRef = 9A083FF024CCDCC3001057D2 /* UIDevice+Ext.swift */; };
		9A083FFD24CCDF6A001057D2 /* Localizable.strings in Resources */ = {isa = PBXBuildFile; fileRef = 9A083FFF24CCDF6A001057D2 /* Localizable.strings */; };
		9A0A2F7E26FE6FA300D3976C /* SettingsVC.swift in Sources */ = {isa = PBXBuildFile; fileRef = 9A0A2F7D26FE6FA300D3976C /* SettingsVC.swift */; };
		9A0DA01B24D3B2C2006BBE95 /* FrameSizes.swift in Sources */ = {isa = PBXBuildFile; fileRef = 9A0DA01A24D3B2C2006BBE95 /* FrameSizes.swift */; };
		9A5FFE5A24DF101500681717 /* ReviewService.swift in Sources */ = {isa = PBXBuildFile; fileRef = 9A5FFE5924DF101500681717 /* ReviewService.swift */; };
		9AEA8A20256111D0008AE06E /* Realm.framework in Frameworks */ = {isa = PBXBuildFile; fileRef = 9AEA8A1F256111D0008AE06E /* Realm.framework */; };
		9AEA8A2F25611243008AE06E /* RealmSwift.framework in Frameworks */ = {isa = PBXBuildFile; fileRef = 9AEA8A2E25611243008AE06E /* RealmSwift.framework */; };
/* End PBXBuildFile section */

/* Begin PBXContainerItemProxy section */
		9A083FBC24CCD55E001057D2 /* PBXContainerItemProxy */ = {
			isa = PBXContainerItemProxy;
			containerPortal = 9A083F9A24CCD55D001057D2 /* Project object */;
			proxyType = 1;
			remoteGlobalIDString = 9A083FA124CCD55D001057D2;
			remoteInfo = Caliy;
		};
		9A083FC724CCD55E001057D2 /* PBXContainerItemProxy */ = {
			isa = PBXContainerItemProxy;
			containerPortal = 9A083F9A24CCD55D001057D2 /* Project object */;
			proxyType = 1;
			remoteGlobalIDString = 9A083FA124CCD55D001057D2;
			remoteInfo = Caliy;
		};
/* End PBXContainerItemProxy section */

/* Begin PBXFileReference section */
		07C795757253A50038B51B87 /* Pods-Caliy-CaliyUITests.debug.xcconfig */ = {isa = PBXFileReference; includeInIndex = 1; lastKnownFileType = text.xcconfig; name = "Pods-Caliy-CaliyUITests.debug.xcconfig"; path = "Target Support Files/Pods-Caliy-CaliyUITests/Pods-Caliy-CaliyUITests.debug.xcconfig"; sourceTree = "<group>"; };
		19E1BE52393F5BA4FD1ED3E2 /* Pods_Caliy.framework */ = {isa = PBXFileReference; explicitFileType = wrapper.framework; includeInIndex = 0; path = Pods_Caliy.framework; sourceTree = BUILT_PRODUCTS_DIR; };
		51AB6320738546AF2F3C9FDD /* Pods_CaliyTests.framework */ = {isa = PBXFileReference; explicitFileType = wrapper.framework; includeInIndex = 0; path = Pods_CaliyTests.framework; sourceTree = BUILT_PRODUCTS_DIR; };
		6D6080807D27694976AE0BD9 /* Pods-Caliy-CaliyUITests.release.xcconfig */ = {isa = PBXFileReference; includeInIndex = 1; lastKnownFileType = text.xcconfig; name = "Pods-Caliy-CaliyUITests.release.xcconfig"; path = "Target Support Files/Pods-Caliy-CaliyUITests/Pods-Caliy-CaliyUITests.release.xcconfig"; sourceTree = "<group>"; };
		74E815B644FB9288D8FD3A96 /* Pods-Caliy.debug.xcconfig */ = {isa = PBXFileReference; includeInIndex = 1; lastKnownFileType = text.xcconfig; name = "Pods-Caliy.debug.xcconfig"; path = "Target Support Files/Pods-Caliy/Pods-Caliy.debug.xcconfig"; sourceTree = "<group>"; };
		817EBCDE9E6DD8F3CC12E86E /* Pods-CaliyTests.debug.xcconfig */ = {isa = PBXFileReference; includeInIndex = 1; lastKnownFileType = text.xcconfig; name = "Pods-CaliyTests.debug.xcconfig"; path = "Target Support Files/Pods-CaliyTests/Pods-CaliyTests.debug.xcconfig"; sourceTree = "<group>"; };
		8FEA1691EE216580305789D6 /* Pods-Caliy.release.xcconfig */ = {isa = PBXFileReference; includeInIndex = 1; lastKnownFileType = text.xcconfig; name = "Pods-Caliy.release.xcconfig"; path = "Target Support Files/Pods-Caliy/Pods-Caliy.release.xcconfig"; sourceTree = "<group>"; };
		9A083FA224CCD55D001057D2 /* Caliy.app */ = {isa = PBXFileReference; explicitFileType = wrapper.application; includeInIndex = 0; path = Caliy.app; sourceTree = BUILT_PRODUCTS_DIR; };
		9A083FA524CCD55D001057D2 /* AppDelegate.swift */ = {isa = PBXFileReference; lastKnownFileType = sourcecode.swift; path = AppDelegate.swift; sourceTree = "<group>"; };
		9A083FA724CCD55D001057D2 /* SceneDelegate.swift */ = {isa = PBXFileReference; lastKnownFileType = sourcecode.swift; path = SceneDelegate.swift; sourceTree = "<group>"; };
		9A083FAF24CCD55D001057D2 /* Caliy.xcdatamodel */ = {isa = PBXFileReference; lastKnownFileType = wrapper.xcdatamodel; path = Caliy.xcdatamodel; sourceTree = "<group>"; };
		9A083FB124CCD55E001057D2 /* Assets.xcassets */ = {isa = PBXFileReference; lastKnownFileType = folder.assetcatalog; path = Assets.xcassets; sourceTree = "<group>"; };
		9A083FB424CCD55E001057D2 /* Base */ = {isa = PBXFileReference; lastKnownFileType = file.storyboard; name = Base; path = Base.lproj/LaunchScreen.storyboard; sourceTree = "<group>"; };
		9A083FB624CCD55E001057D2 /* Info.plist */ = {isa = PBXFileReference; lastKnownFileType = text.plist.xml; path = Info.plist; sourceTree = "<group>"; };
		9A083FBB24CCD55E001057D2 /* CaliyTests.xctest */ = {isa = PBXFileReference; explicitFileType = wrapper.cfbundle; includeInIndex = 0; path = CaliyTests.xctest; sourceTree = BUILT_PRODUCTS_DIR; };
		9A083FBF24CCD55E001057D2 /* CaliyTests.swift */ = {isa = PBXFileReference; lastKnownFileType = sourcecode.swift; path = CaliyTests.swift; sourceTree = "<group>"; };
		9A083FC124CCD55E001057D2 /* Info.plist */ = {isa = PBXFileReference; lastKnownFileType = text.plist.xml; path = Info.plist; sourceTree = "<group>"; };
		9A083FC624CCD55E001057D2 /* CaliyUITests.xctest */ = {isa = PBXFileReference; explicitFileType = wrapper.cfbundle; includeInIndex = 0; path = CaliyUITests.xctest; sourceTree = BUILT_PRODUCTS_DIR; };
		9A083FCA24CCD55E001057D2 /* CaliyUITests.swift */ = {isa = PBXFileReference; lastKnownFileType = sourcecode.swift; path = CaliyUITests.swift; sourceTree = "<group>"; };
		9A083FCC24CCD55E001057D2 /* Info.plist */ = {isa = PBXFileReference; lastKnownFileType = text.plist.xml; path = Info.plist; sourceTree = "<group>"; };
		9A083FD824CCDBDE001057D2 /* BaseViewController.swift */ = {isa = PBXFileReference; lastKnownFileType = sourcecode.swift; path = BaseViewController.swift; sourceTree = "<group>"; };
		9A083FDA24CCDC22001057D2 /* HistoryRecordVC.swift */ = {isa = PBXFileReference; lastKnownFileType = sourcecode.swift; path = HistoryRecordVC.swift; sourceTree = "<group>"; };
		9A083FDC24CCDC3B001057D2 /* HistoryRecordCell.swift */ = {isa = PBXFileReference; lastKnownFileType = sourcecode.swift; path = HistoryRecordCell.swift; sourceTree = "<group>"; };
		9A083FDE24CCDC66001057D2 /* RealmService.swift */ = {isa = PBXFileReference; lastKnownFileType = sourcecode.swift; path = RealmService.swift; sourceTree = "<group>"; };
		9A083FE024CCDC72001057D2 /* LocalizedStringStorage.swift */ = {isa = PBXFileReference; lastKnownFileType = sourcecode.swift; path = LocalizedStringStorage.swift; sourceTree = "<group>"; };
		9A083FE224CCDC7B001057D2 /* HistoryRecord.swift */ = {isa = PBXFileReference; lastKnownFileType = sourcecode.swift; path = HistoryRecord.swift; sourceTree = "<group>"; };
		9A083FE424CCDC88001057D2 /* UserDefaultSetup.swift */ = {isa = PBXFileReference; lastKnownFileType = sourcecode.swift; path = UserDefaultSetup.swift; sourceTree = "<group>"; };
		9A083FE624CCDC90001057D2 /* ColorList.swift */ = {isa = PBXFileReference; lastKnownFileType = sourcecode.swift; path = ColorList.swift; sourceTree = "<group>"; };
		9A083FE824CCDC99001057D2 /* Notification.swift */ = {isa = PBXFileReference; lastKnownFileType = sourcecode.swift; path = Notification.swift; sourceTree = "<group>"; };
		9A083FEA24CCDCA2001057D2 /* FontSizes.swift */ = {isa = PBXFileReference; lastKnownFileType = sourcecode.swift; path = FontSizes.swift; sourceTree = "<group>"; };
		9A083FEC24CCDCAB001057D2 /* UIViewController+Ext.swift */ = {isa = PBXFileReference; lastKnownFileType = sourcecode.swift; path = "UIViewController+Ext.swift"; sourceTree = "<group>"; };
		9A083FEE24CCDCB4001057D2 /* UIView+Ext.swift */ = {isa = PBXFileReference; lastKnownFileType = sourcecode.swift; path = "UIView+Ext.swift"; sourceTree = "<group>"; };
		9A083FF024CCDCC3001057D2 /* UIDevice+Ext.swift */ = {isa = PBXFileReference; lastKnownFileType = sourcecode.swift; path = "UIDevice+Ext.swift"; sourceTree = "<group>"; };
		9A083FF724CCDE53001057D2 /* ko */ = {isa = PBXFileReference; lastKnownFileType = text.plist.strings; name = ko; path = ko.lproj/LaunchScreen.strings; sourceTree = "<group>"; };
		9A083FFE24CCDF6A001057D2 /* en */ = {isa = PBXFileReference; lastKnownFileType = text.plist.strings; name = en; path = en.lproj/Localizable.strings; sourceTree = "<group>"; };
		9A08400024CCDF6E001057D2 /* ko */ = {isa = PBXFileReference; lastKnownFileType = text.plist.strings; name = ko; path = ko.lproj/Localizable.strings; sourceTree = "<group>"; };
		9A0A2F7D26FE6FA300D3976C /* SettingsVC.swift */ = {isa = PBXFileReference; lastKnownFileType = sourcecode.swift; path = SettingsVC.swift; sourceTree = "<group>"; };
		9A0DA01A24D3B2C2006BBE95 /* FrameSizes.swift */ = {isa = PBXFileReference; lastKnownFileType = sourcecode.swift; path = FrameSizes.swift; sourceTree = "<group>"; };
		9A5FFE5924DF101500681717 /* ReviewService.swift */ = {isa = PBXFileReference; lastKnownFileType = sourcecode.swift; path = ReviewService.swift; sourceTree = "<group>"; };
		9AEA8A1F256111D0008AE06E /* Realm.framework */ = {isa = PBXFileReference; explicitFileType = wrapper.framework; path = Realm.framework; sourceTree = BUILT_PRODUCTS_DIR; };
		9AEA8A2425611209008AE06E /* XcodeKit.framework */ = {isa = PBXFileReference; lastKnownFileType = wrapper.framework; name = XcodeKit.framework; path = Library/Frameworks/XcodeKit.framework; sourceTree = DEVELOPER_DIR; };
		9AEA8A2E25611243008AE06E /* RealmSwift.framework */ = {isa = PBXFileReference; explicitFileType = wrapper.framework; path = RealmSwift.framework; sourceTree = BUILT_PRODUCTS_DIR; };
		B60123ED03F0BE3CEBEE5AE0 /* Pods-CaliyTests.release.xcconfig */ = {isa = PBXFileReference; includeInIndex = 1; lastKnownFileType = text.xcconfig; name = "Pods-CaliyTests.release.xcconfig"; path = "Target Support Files/Pods-CaliyTests/Pods-CaliyTests.release.xcconfig"; sourceTree = "<group>"; };
		CC0DB417305520C5A2B630BE /* Pods_Caliy_CaliyUITests.framework */ = {isa = PBXFileReference; explicitFileType = wrapper.framework; includeInIndex = 0; path = Pods_Caliy_CaliyUITests.framework; sourceTree = BUILT_PRODUCTS_DIR; };
/* End PBXFileReference section */

/* Begin PBXFrameworksBuildPhase section */
		9A083F9F24CCD55D001057D2 /* Frameworks */ = {
			isa = PBXFrameworksBuildPhase;
			buildActionMask = 2147483647;
			files = (
				9AEA8A2F25611243008AE06E /* RealmSwift.framework in Frameworks */,
				9AEA8A20256111D0008AE06E /* Realm.framework in Frameworks */,
				3D7F45A9112293F8474D06D4 /* Pods_Caliy.framework in Frameworks */,
			);
			runOnlyForDeploymentPostprocessing = 0;
		};
		9A083FB824CCD55E001057D2 /* Frameworks */ = {
			isa = PBXFrameworksBuildPhase;
			buildActionMask = 2147483647;
			files = (
				72E0B38604C70E034BD72AEF /* Pods_CaliyTests.framework in Frameworks */,
			);
			runOnlyForDeploymentPostprocessing = 0;
		};
		9A083FC324CCD55E001057D2 /* Frameworks */ = {
			isa = PBXFrameworksBuildPhase;
			buildActionMask = 2147483647;
			files = (
				53FA256CB2892A0F3E90CB87 /* Pods_Caliy_CaliyUITests.framework in Frameworks */,
			);
			runOnlyForDeploymentPostprocessing = 0;
		};
/* End PBXFrameworksBuildPhase section */

/* Begin PBXGroup section */
		3E15720660FED9FFA29DB295 /* Frameworks */ = {
			isa = PBXGroup;
			children = (
				9AEA8A2E25611243008AE06E /* RealmSwift.framework */,
				9AEA8A2425611209008AE06E /* XcodeKit.framework */,
				9AEA8A1F256111D0008AE06E /* Realm.framework */,
				19E1BE52393F5BA4FD1ED3E2 /* Pods_Caliy.framework */,
				CC0DB417305520C5A2B630BE /* Pods_Caliy_CaliyUITests.framework */,
				51AB6320738546AF2F3C9FDD /* Pods_CaliyTests.framework */,
			);
			name = Frameworks;
			sourceTree = "<group>";
		};
		9A083F9924CCD55D001057D2 = {
			isa = PBXGroup;
			children = (
				9A083FA424CCD55D001057D2 /* Caliy */,
				9A083FBE24CCD55E001057D2 /* CaliyTests */,
				9A083FC924CCD55E001057D2 /* CaliyUITests */,
				9A083FA324CCD55D001057D2 /* Products */,
				E626D36DB9E65AF30BED8735 /* Pods */,
				3E15720660FED9FFA29DB295 /* Frameworks */,
			);
			sourceTree = "<group>";
		};
		9A083FA324CCD55D001057D2 /* Products */ = {
			isa = PBXGroup;
			children = (
				9A083FA224CCD55D001057D2 /* Caliy.app */,
				9A083FBB24CCD55E001057D2 /* CaliyTests.xctest */,
				9A083FC624CCD55E001057D2 /* CaliyUITests.xctest */,
			);
			name = Products;
			sourceTree = "<group>";
		};
		9A083FA424CCD55D001057D2 /* Caliy */ = {
			isa = PBXGroup;
			children = (
				9A083FF224CCDDB9001057D2 /* Delegate */,
				9A083FF324CCDDE4001057D2 /* ViewController */,
				9A083FF424CCDDEE001057D2 /* SubViewController */,
				9A083FB124CCD55E001057D2 /* Assets.xcassets */,
				9A083FB324CCD55E001057D2 /* LaunchScreen.storyboard */,
				9A083FF524CCDE04001057D2 /* Model */,
				9A083FFF24CCDF6A001057D2 /* Localizable.strings */,
				9A083FF624CCDE0D001057D2 /* Extension */,
				9A083FB624CCD55E001057D2 /* Info.plist */,
				9A083FAE24CCD55D001057D2 /* Caliy.xcdatamodeld */,
			);
			path = Caliy;
			sourceTree = "<group>";
		};
		9A083FBE24CCD55E001057D2 /* CaliyTests */ = {
			isa = PBXGroup;
			children = (
				9A083FBF24CCD55E001057D2 /* CaliyTests.swift */,
				9A083FC124CCD55E001057D2 /* Info.plist */,
			);
			path = CaliyTests;
			sourceTree = "<group>";
		};
		9A083FC924CCD55E001057D2 /* CaliyUITests */ = {
			isa = PBXGroup;
			children = (
				9A083FCA24CCD55E001057D2 /* CaliyUITests.swift */,
				9A083FCC24CCD55E001057D2 /* Info.plist */,
			);
			path = CaliyUITests;
			sourceTree = "<group>";
		};
		9A083FF224CCDDB9001057D2 /* Delegate */ = {
			isa = PBXGroup;
			children = (
				9A083FA524CCD55D001057D2 /* AppDelegate.swift */,
				9A083FA724CCD55D001057D2 /* SceneDelegate.swift */,
			);
			path = Delegate;
			sourceTree = "<group>";
		};
		9A083FF324CCDDE4001057D2 /* ViewController */ = {
			isa = PBXGroup;
			children = (
				9A083FD824CCDBDE001057D2 /* BaseViewController.swift */,
				9A083FDA24CCDC22001057D2 /* HistoryRecordVC.swift */,
				9A0A2F7D26FE6FA300D3976C /* SettingsVC.swift */,
			);
			path = ViewController;
			sourceTree = "<group>";
		};
		9A083FF424CCDDEE001057D2 /* SubViewController */ = {
			isa = PBXGroup;
			children = (
				9A083FDC24CCDC3B001057D2 /* HistoryRecordCell.swift */,
			);
			path = SubViewController;
			sourceTree = "<group>";
		};
		9A083FF524CCDE04001057D2 /* Model */ = {
			isa = PBXGroup;
			children = (
				9A083FE024CCDC72001057D2 /* LocalizedStringStorage.swift */,
				9A083FE224CCDC7B001057D2 /* HistoryRecord.swift */,
				9A083FE424CCDC88001057D2 /* UserDefaultSetup.swift */,
				9A083FE624CCDC90001057D2 /* ColorList.swift */,
				9A083FE824CCDC99001057D2 /* Notification.swift */,
				9A083FEA24CCDCA2001057D2 /* FontSizes.swift */,
				9A0DA01A24D3B2C2006BBE95 /* FrameSizes.swift */,
				9A083FDE24CCDC66001057D2 /* RealmService.swift */,
				9A5FFE5924DF101500681717 /* ReviewService.swift */,
			);
			path = Model;
			sourceTree = "<group>";
		};
		9A083FF624CCDE0D001057D2 /* Extension */ = {
			isa = PBXGroup;
			children = (
				9A083FEC24CCDCAB001057D2 /* UIViewController+Ext.swift */,
				9A083FEE24CCDCB4001057D2 /* UIView+Ext.swift */,
				9A083FF024CCDCC3001057D2 /* UIDevice+Ext.swift */,
			);
			path = Extension;
			sourceTree = "<group>";
		};
		E626D36DB9E65AF30BED8735 /* Pods */ = {
			isa = PBXGroup;
			children = (
				74E815B644FB9288D8FD3A96 /* Pods-Caliy.debug.xcconfig */,
				8FEA1691EE216580305789D6 /* Pods-Caliy.release.xcconfig */,
				07C795757253A50038B51B87 /* Pods-Caliy-CaliyUITests.debug.xcconfig */,
				6D6080807D27694976AE0BD9 /* Pods-Caliy-CaliyUITests.release.xcconfig */,
				817EBCDE9E6DD8F3CC12E86E /* Pods-CaliyTests.debug.xcconfig */,
				B60123ED03F0BE3CEBEE5AE0 /* Pods-CaliyTests.release.xcconfig */,
			);
			path = Pods;
			sourceTree = "<group>";
		};
/* End PBXGroup section */

/* Begin PBXNativeTarget section */
		9A083FA124CCD55D001057D2 /* Caliy */ = {
			isa = PBXNativeTarget;
			buildConfigurationList = 9A083FCF24CCD55E001057D2 /* Build configuration list for PBXNativeTarget "Caliy" */;
			buildPhases = (
				F8FBF747D87669628C9438C3 /* [CP] Check Pods Manifest.lock */,
				9A083F9E24CCD55D001057D2 /* Sources */,
				9A083F9F24CCD55D001057D2 /* Frameworks */,
				9A083FA024CCD55D001057D2 /* Resources */,
				5C48402F60720EB59771B472 /* [CP] Embed Pods Frameworks */,
			);
			buildRules = (
			);
			dependencies = (
			);
			name = Caliy;
			productName = Caliy;
			productReference = 9A083FA224CCD55D001057D2 /* Caliy.app */;
			productType = "com.apple.product-type.application";
		};
		9A083FBA24CCD55E001057D2 /* CaliyTests */ = {
			isa = PBXNativeTarget;
			buildConfigurationList = 9A083FD224CCD55E001057D2 /* Build configuration list for PBXNativeTarget "CaliyTests" */;
			buildPhases = (
				409BE63EA8E720318A794025 /* [CP] Check Pods Manifest.lock */,
				9A083FB724CCD55E001057D2 /* Sources */,
				9A083FB824CCD55E001057D2 /* Frameworks */,
				9A083FB924CCD55E001057D2 /* Resources */,
			);
			buildRules = (
			);
			dependencies = (
				9A083FBD24CCD55E001057D2 /* PBXTargetDependency */,
			);
			name = CaliyTests;
			productName = CaliyTests;
			productReference = 9A083FBB24CCD55E001057D2 /* CaliyTests.xctest */;
			productType = "com.apple.product-type.bundle.unit-test";
		};
		9A083FC524CCD55E001057D2 /* CaliyUITests */ = {
			isa = PBXNativeTarget;
			buildConfigurationList = 9A083FD524CCD55E001057D2 /* Build configuration list for PBXNativeTarget "CaliyUITests" */;
			buildPhases = (
				3994E896ECE107EC3E317974 /* [CP] Check Pods Manifest.lock */,
				9A083FC224CCD55E001057D2 /* Sources */,
				9A083FC324CCD55E001057D2 /* Frameworks */,
				9A083FC424CCD55E001057D2 /* Resources */,
				9DE4A86401A49978690FB24E /* [CP] Embed Pods Frameworks */,
			);
			buildRules = (
			);
			dependencies = (
				9A083FC824CCD55E001057D2 /* PBXTargetDependency */,
			);
			name = CaliyUITests;
			productName = CaliyUITests;
			productReference = 9A083FC624CCD55E001057D2 /* CaliyUITests.xctest */;
			productType = "com.apple.product-type.bundle.ui-testing";
		};
/* End PBXNativeTarget section */

/* Begin PBXProject section */
		9A083F9A24CCD55D001057D2 /* Project object */ = {
			isa = PBXProject;
			attributes = {
				LastSwiftUpdateCheck = 1160;
				LastUpgradeCheck = 1210;
				ORGANIZATIONNAME = "Mac mini";
				TargetAttributes = {
					9A083FA124CCD55D001057D2 = {
						CreatedOnToolsVersion = 11.6;
					};
					9A083FBA24CCD55E001057D2 = {
						CreatedOnToolsVersion = 11.6;
						TestTargetID = 9A083FA124CCD55D001057D2;
					};
					9A083FC524CCD55E001057D2 = {
						CreatedOnToolsVersion = 11.6;
						TestTargetID = 9A083FA124CCD55D001057D2;
					};
				};
			};
			buildConfigurationList = 9A083F9D24CCD55D001057D2 /* Build configuration list for PBXProject "Caliy" */;
			compatibilityVersion = "Xcode 9.3";
			developmentRegion = en;
			hasScannedForEncodings = 0;
			knownRegions = (
				en,
				Base,
				ko,
			);
			mainGroup = 9A083F9924CCD55D001057D2;
			productRefGroup = 9A083FA324CCD55D001057D2 /* Products */;
			projectDirPath = "";
			projectRoot = "";
			targets = (
				9A083FA124CCD55D001057D2 /* Caliy */,
				9A083FBA24CCD55E001057D2 /* CaliyTests */,
				9A083FC524CCD55E001057D2 /* CaliyUITests */,
			);
		};
/* End PBXProject section */

/* Begin PBXResourcesBuildPhase section */
		9A083FA024CCD55D001057D2 /* Resources */ = {
			isa = PBXResourcesBuildPhase;
			buildActionMask = 2147483647;
			files = (
				9A083FB524CCD55E001057D2 /* LaunchScreen.storyboard in Resources */,
				9A083FFD24CCDF6A001057D2 /* Localizable.strings in Resources */,
				9A083FB224CCD55E001057D2 /* Assets.xcassets in Resources */,
			);
			runOnlyForDeploymentPostprocessing = 0;
		};
		9A083FB924CCD55E001057D2 /* Resources */ = {
			isa = PBXResourcesBuildPhase;
			buildActionMask = 2147483647;
			files = (
			);
			runOnlyForDeploymentPostprocessing = 0;
		};
		9A083FC424CCD55E001057D2 /* Resources */ = {
			isa = PBXResourcesBuildPhase;
			buildActionMask = 2147483647;
			files = (
			);
			runOnlyForDeploymentPostprocessing = 0;
		};
/* End PBXResourcesBuildPhase section */

/* Begin PBXShellScriptBuildPhase section */
		3994E896ECE107EC3E317974 /* [CP] Check Pods Manifest.lock */ = {
			isa = PBXShellScriptBuildPhase;
			buildActionMask = 2147483647;
			files = (
			);
			inputFileListPaths = (
			);
			inputPaths = (
				"${PODS_PODFILE_DIR_PATH}/Podfile.lock",
				"${PODS_ROOT}/Manifest.lock",
			);
			name = "[CP] Check Pods Manifest.lock";
			outputFileListPaths = (
			);
			outputPaths = (
				"$(DERIVED_FILE_DIR)/Pods-Caliy-CaliyUITests-checkManifestLockResult.txt",
			);
			runOnlyForDeploymentPostprocessing = 0;
			shellPath = /bin/sh;
			shellScript = "diff \"${PODS_PODFILE_DIR_PATH}/Podfile.lock\" \"${PODS_ROOT}/Manifest.lock\" > /dev/null\nif [ $? != 0 ] ; then\n    # print error to STDERR\n    echo \"error: The sandbox is not in sync with the Podfile.lock. Run 'pod install' or update your CocoaPods installation.\" >&2\n    exit 1\nfi\n# This output is used by Xcode 'outputs' to avoid re-running this script phase.\necho \"SUCCESS\" > \"${SCRIPT_OUTPUT_FILE_0}\"\n";
			showEnvVarsInLog = 0;
		};
		409BE63EA8E720318A794025 /* [CP] Check Pods Manifest.lock */ = {
			isa = PBXShellScriptBuildPhase;
			buildActionMask = 2147483647;
			files = (
			);
			inputFileListPaths = (
			);
			inputPaths = (
				"${PODS_PODFILE_DIR_PATH}/Podfile.lock",
				"${PODS_ROOT}/Manifest.lock",
			);
			name = "[CP] Check Pods Manifest.lock";
			outputFileListPaths = (
			);
			outputPaths = (
				"$(DERIVED_FILE_DIR)/Pods-CaliyTests-checkManifestLockResult.txt",
			);
			runOnlyForDeploymentPostprocessing = 0;
			shellPath = /bin/sh;
			shellScript = "diff \"${PODS_PODFILE_DIR_PATH}/Podfile.lock\" \"${PODS_ROOT}/Manifest.lock\" > /dev/null\nif [ $? != 0 ] ; then\n    # print error to STDERR\n    echo \"error: The sandbox is not in sync with the Podfile.lock. Run 'pod install' or update your CocoaPods installation.\" >&2\n    exit 1\nfi\n# This output is used by Xcode 'outputs' to avoid re-running this script phase.\necho \"SUCCESS\" > \"${SCRIPT_OUTPUT_FILE_0}\"\n";
			showEnvVarsInLog = 0;
		};
		5C48402F60720EB59771B472 /* [CP] Embed Pods Frameworks */ = {
			isa = PBXShellScriptBuildPhase;
			buildActionMask = 2147483647;
			files = (
			);
			inputFileListPaths = (
				"${PODS_ROOT}/Target Support Files/Pods-Caliy/Pods-Caliy-frameworks-${CONFIGURATION}-input-files.xcfilelist",
			);
			name = "[CP] Embed Pods Frameworks";
			outputFileListPaths = (
				"${PODS_ROOT}/Target Support Files/Pods-Caliy/Pods-Caliy-frameworks-${CONFIGURATION}-output-files.xcfilelist",
			);
			runOnlyForDeploymentPostprocessing = 0;
			shellPath = /bin/sh;
			shellScript = "\"${PODS_ROOT}/Target Support Files/Pods-Caliy/Pods-Caliy-frameworks.sh\"\n";
			showEnvVarsInLog = 0;
		};
		9DE4A86401A49978690FB24E /* [CP] Embed Pods Frameworks */ = {
			isa = PBXShellScriptBuildPhase;
			buildActionMask = 2147483647;
			files = (
			);
			inputFileListPaths = (
				"${PODS_ROOT}/Target Support Files/Pods-Caliy-CaliyUITests/Pods-Caliy-CaliyUITests-frameworks-${CONFIGURATION}-input-files.xcfilelist",
			);
			name = "[CP] Embed Pods Frameworks";
			outputFileListPaths = (
				"${PODS_ROOT}/Target Support Files/Pods-Caliy-CaliyUITests/Pods-Caliy-CaliyUITests-frameworks-${CONFIGURATION}-output-files.xcfilelist",
			);
			runOnlyForDeploymentPostprocessing = 0;
			shellPath = /bin/sh;
			shellScript = "\"${PODS_ROOT}/Target Support Files/Pods-Caliy-CaliyUITests/Pods-Caliy-CaliyUITests-frameworks.sh\"\n";
			showEnvVarsInLog = 0;
		};
		F8FBF747D87669628C9438C3 /* [CP] Check Pods Manifest.lock */ = {
			isa = PBXShellScriptBuildPhase;
			buildActionMask = 2147483647;
			files = (
			);
			inputFileListPaths = (
			);
			inputPaths = (
				"${PODS_PODFILE_DIR_PATH}/Podfile.lock",
				"${PODS_ROOT}/Manifest.lock",
			);
			name = "[CP] Check Pods Manifest.lock";
			outputFileListPaths = (
			);
			outputPaths = (
				"$(DERIVED_FILE_DIR)/Pods-Caliy-checkManifestLockResult.txt",
			);
			runOnlyForDeploymentPostprocessing = 0;
			shellPath = /bin/sh;
			shellScript = "diff \"${PODS_PODFILE_DIR_PATH}/Podfile.lock\" \"${PODS_ROOT}/Manifest.lock\" > /dev/null\nif [ $? != 0 ] ; then\n    # print error to STDERR\n    echo \"error: The sandbox is not in sync with the Podfile.lock. Run 'pod install' or update your CocoaPods installation.\" >&2\n    exit 1\nfi\n# This output is used by Xcode 'outputs' to avoid re-running this script phase.\necho \"SUCCESS\" > \"${SCRIPT_OUTPUT_FILE_0}\"\n";
			showEnvVarsInLog = 0;
		};
/* End PBXShellScriptBuildPhase section */

/* Begin PBXSourcesBuildPhase section */
		9A083F9E24CCD55D001057D2 /* Sources */ = {
			isa = PBXSourcesBuildPhase;
			buildActionMask = 2147483647;
			files = (
				9A0A2F7E26FE6FA300D3976C /* SettingsVC.swift in Sources */,
				9A083FE524CCDC88001057D2 /* UserDefaultSetup.swift in Sources */,
				9A083FD924CCDBDE001057D2 /* BaseViewController.swift in Sources */,
				9A083FEF24CCDCB4001057D2 /* UIView+Ext.swift in Sources */,
				9A083FED24CCDCAB001057D2 /* UIViewController+Ext.swift in Sources */,
				9A083FE724CCDC90001057D2 /* ColorList.swift in Sources */,
				9A083FB024CCD55D001057D2 /* Caliy.xcdatamodeld in Sources */,
				9A083FE124CCDC72001057D2 /* LocalizedStringStorage.swift in Sources */,
				9A5FFE5A24DF101500681717 /* ReviewService.swift in Sources */,
				9A083FF124CCDCC3001057D2 /* UIDevice+Ext.swift in Sources */,
				9A083FE324CCDC7B001057D2 /* HistoryRecord.swift in Sources */,
				9A083FDF24CCDC66001057D2 /* RealmService.swift in Sources */,
				9A0DA01B24D3B2C2006BBE95 /* FrameSizes.swift in Sources */,
				9A083FA624CCD55D001057D2 /* AppDelegate.swift in Sources */,
				9A083FE924CCDC99001057D2 /* Notification.swift in Sources */,
				9A083FA824CCD55D001057D2 /* SceneDelegate.swift in Sources */,
				9A083FDB24CCDC22001057D2 /* HistoryRecordVC.swift in Sources */,
				9A083FEB24CCDCA2001057D2 /* FontSizes.swift in Sources */,
				9A083FDD24CCDC3B001057D2 /* HistoryRecordCell.swift in Sources */,
			);
			runOnlyForDeploymentPostprocessing = 0;
		};
		9A083FB724CCD55E001057D2 /* Sources */ = {
			isa = PBXSourcesBuildPhase;
			buildActionMask = 2147483647;
			files = (
				9A083FC024CCD55E001057D2 /* CaliyTests.swift in Sources */,
			);
			runOnlyForDeploymentPostprocessing = 0;
		};
		9A083FC224CCD55E001057D2 /* Sources */ = {
			isa = PBXSourcesBuildPhase;
			buildActionMask = 2147483647;
			files = (
				9A083FCB24CCD55E001057D2 /* CaliyUITests.swift in Sources */,
			);
			runOnlyForDeploymentPostprocessing = 0;
		};
/* End PBXSourcesBuildPhase section */

/* Begin PBXTargetDependency section */
		9A083FBD24CCD55E001057D2 /* PBXTargetDependency */ = {
			isa = PBXTargetDependency;
			target = 9A083FA124CCD55D001057D2 /* Caliy */;
			targetProxy = 9A083FBC24CCD55E001057D2 /* PBXContainerItemProxy */;
		};
		9A083FC824CCD55E001057D2 /* PBXTargetDependency */ = {
			isa = PBXTargetDependency;
			target = 9A083FA124CCD55D001057D2 /* Caliy */;
			targetProxy = 9A083FC724CCD55E001057D2 /* PBXContainerItemProxy */;
		};
/* End PBXTargetDependency section */

/* Begin PBXVariantGroup section */
		9A083FB324CCD55E001057D2 /* LaunchScreen.storyboard */ = {
			isa = PBXVariantGroup;
			children = (
				9A083FB424CCD55E001057D2 /* Base */,
				9A083FF724CCDE53001057D2 /* ko */,
			);
			name = LaunchScreen.storyboard;
			sourceTree = "<group>";
		};
		9A083FFF24CCDF6A001057D2 /* Localizable.strings */ = {
			isa = PBXVariantGroup;
			children = (
				9A083FFE24CCDF6A001057D2 /* en */,
				9A08400024CCDF6E001057D2 /* ko */,
			);
			name = Localizable.strings;
			sourceTree = "<group>";
		};
/* End PBXVariantGroup section */

/* Begin XCBuildConfiguration section */
		9A083FCD24CCD55E001057D2 /* Debug */ = {
			isa = XCBuildConfiguration;
			buildSettings = {
				ALWAYS_SEARCH_USER_PATHS = NO;
				CLANG_ANALYZER_LOCALIZABILITY_NONLOCALIZED = YES;
				CLANG_ANALYZER_NONNULL = YES;
				CLANG_ANALYZER_NUMBER_OBJECT_CONVERSION = YES_AGGRESSIVE;
				CLANG_CXX_LANGUAGE_STANDARD = "gnu++14";
				CLANG_CXX_LIBRARY = "libc++";
				CLANG_ENABLE_MODULES = YES;
				CLANG_ENABLE_OBJC_ARC = YES;
				CLANG_ENABLE_OBJC_WEAK = YES;
				CLANG_WARN_BLOCK_CAPTURE_AUTORELEASING = YES;
				CLANG_WARN_BOOL_CONVERSION = YES;
				CLANG_WARN_COMMA = YES;
				CLANG_WARN_CONSTANT_CONVERSION = YES;
				CLANG_WARN_DEPRECATED_OBJC_IMPLEMENTATIONS = YES;
				CLANG_WARN_DIRECT_OBJC_ISA_USAGE = YES_ERROR;
				CLANG_WARN_DOCUMENTATION_COMMENTS = YES;
				CLANG_WARN_EMPTY_BODY = YES;
				CLANG_WARN_ENUM_CONVERSION = YES;
				CLANG_WARN_INFINITE_RECURSION = YES;
				CLANG_WARN_INT_CONVERSION = YES;
				CLANG_WARN_NON_LITERAL_NULL_CONVERSION = YES;
				CLANG_WARN_OBJC_IMPLICIT_RETAIN_SELF = YES;
				CLANG_WARN_OBJC_LITERAL_CONVERSION = YES;
				CLANG_WARN_OBJC_ROOT_CLASS = YES_ERROR;
				CLANG_WARN_QUOTED_INCLUDE_IN_FRAMEWORK_HEADER = YES;
				CLANG_WARN_RANGE_LOOP_ANALYSIS = YES;
				CLANG_WARN_STRICT_PROTOTYPES = YES;
				CLANG_WARN_SUSPICIOUS_MOVE = YES;
				CLANG_WARN_UNGUARDED_AVAILABILITY = YES_AGGRESSIVE;
				CLANG_WARN_UNREACHABLE_CODE = YES;
				CLANG_WARN__DUPLICATE_METHOD_MATCH = YES;
				COPY_PHASE_STRIP = NO;
				DEBUG_INFORMATION_FORMAT = dwarf;
				ENABLE_STRICT_OBJC_MSGSEND = YES;
				ENABLE_TESTABILITY = YES;
				GCC_C_LANGUAGE_STANDARD = gnu11;
				GCC_DYNAMIC_NO_PIC = NO;
				GCC_NO_COMMON_BLOCKS = YES;
				GCC_OPTIMIZATION_LEVEL = 0;
				GCC_PREPROCESSOR_DEFINITIONS = (
					"DEBUG=1",
					"$(inherited)",
				);
				GCC_WARN_64_TO_32_BIT_CONVERSION = YES;
				GCC_WARN_ABOUT_RETURN_TYPE = YES_ERROR;
				GCC_WARN_UNDECLARED_SELECTOR = YES;
				GCC_WARN_UNINITIALIZED_AUTOS = YES_AGGRESSIVE;
				GCC_WARN_UNUSED_FUNCTION = YES;
				GCC_WARN_UNUSED_VARIABLE = YES;
				IPHONEOS_DEPLOYMENT_TARGET = 14.0;
				MTL_ENABLE_DEBUG_INFO = INCLUDE_SOURCE;
				MTL_FAST_MATH = YES;
				ONLY_ACTIVE_ARCH = YES;
				SDKROOT = iphoneos;
				SWIFT_ACTIVE_COMPILATION_CONDITIONS = DEBUG;
				SWIFT_OPTIMIZATION_LEVEL = "-Onone";
			};
			name = Debug;
		};
		9A083FCE24CCD55E001057D2 /* Release */ = {
			isa = XCBuildConfiguration;
			buildSettings = {
				ALWAYS_SEARCH_USER_PATHS = NO;
				CLANG_ANALYZER_LOCALIZABILITY_NONLOCALIZED = YES;
				CLANG_ANALYZER_NONNULL = YES;
				CLANG_ANALYZER_NUMBER_OBJECT_CONVERSION = YES_AGGRESSIVE;
				CLANG_CXX_LANGUAGE_STANDARD = "gnu++14";
				CLANG_CXX_LIBRARY = "libc++";
				CLANG_ENABLE_MODULES = YES;
				CLANG_ENABLE_OBJC_ARC = YES;
				CLANG_ENABLE_OBJC_WEAK = YES;
				CLANG_WARN_BLOCK_CAPTURE_AUTORELEASING = YES;
				CLANG_WARN_BOOL_CONVERSION = YES;
				CLANG_WARN_COMMA = YES;
				CLANG_WARN_CONSTANT_CONVERSION = YES;
				CLANG_WARN_DEPRECATED_OBJC_IMPLEMENTATIONS = YES;
				CLANG_WARN_DIRECT_OBJC_ISA_USAGE = YES_ERROR;
				CLANG_WARN_DOCUMENTATION_COMMENTS = YES;
				CLANG_WARN_EMPTY_BODY = YES;
				CLANG_WARN_ENUM_CONVERSION = YES;
				CLANG_WARN_INFINITE_RECURSION = YES;
				CLANG_WARN_INT_CONVERSION = YES;
				CLANG_WARN_NON_LITERAL_NULL_CONVERSION = YES;
				CLANG_WARN_OBJC_IMPLICIT_RETAIN_SELF = YES;
				CLANG_WARN_OBJC_LITERAL_CONVERSION = YES;
				CLANG_WARN_OBJC_ROOT_CLASS = YES_ERROR;
				CLANG_WARN_QUOTED_INCLUDE_IN_FRAMEWORK_HEADER = YES;
				CLANG_WARN_RANGE_LOOP_ANALYSIS = YES;
				CLANG_WARN_STRICT_PROTOTYPES = YES;
				CLANG_WARN_SUSPICIOUS_MOVE = YES;
				CLANG_WARN_UNGUARDED_AVAILABILITY = YES_AGGRESSIVE;
				CLANG_WARN_UNREACHABLE_CODE = YES;
				CLANG_WARN__DUPLICATE_METHOD_MATCH = YES;
				COPY_PHASE_STRIP = NO;
				DEBUG_INFORMATION_FORMAT = "dwarf-with-dsym";
				ENABLE_NS_ASSERTIONS = NO;
				ENABLE_STRICT_OBJC_MSGSEND = YES;
				GCC_C_LANGUAGE_STANDARD = gnu11;
				GCC_NO_COMMON_BLOCKS = YES;
				GCC_WARN_64_TO_32_BIT_CONVERSION = YES;
				GCC_WARN_ABOUT_RETURN_TYPE = YES_ERROR;
				GCC_WARN_UNDECLARED_SELECTOR = YES;
				GCC_WARN_UNINITIALIZED_AUTOS = YES_AGGRESSIVE;
				GCC_WARN_UNUSED_FUNCTION = YES;
				GCC_WARN_UNUSED_VARIABLE = YES;
				IPHONEOS_DEPLOYMENT_TARGET = 14.0;
				MTL_ENABLE_DEBUG_INFO = NO;
				MTL_FAST_MATH = YES;
				SDKROOT = iphoneos;
				SWIFT_COMPILATION_MODE = wholemodule;
				SWIFT_OPTIMIZATION_LEVEL = "-O";
				VALIDATE_PRODUCT = YES;
			};
			name = Release;
		};
		9A083FD024CCD55E001057D2 /* Debug */ = {
			isa = XCBuildConfiguration;
			baseConfigurationReference = 74E815B644FB9288D8FD3A96 /* Pods-Caliy.debug.xcconfig */;
			buildSettings = {
				ASSETCATALOG_COMPILER_APPICON_NAME = AppIcon;
				CODE_SIGN_STYLE = Automatic;
				CURRENT_PROJECT_VERSION = 18;
				DEVELOPMENT_TEAM = F23GD77ZRK;
				"EXCLUDED_ARCHS[sdk=*]" = arm64;
				INFOPLIST_FILE = Caliy/Info.plist;
				IPHONEOS_DEPLOYMENT_TARGET = 13.0;
				LD_RUNPATH_SEARCH_PATHS = (
					"$(inherited)",
					"@executable_path/Frameworks",
				);
				MARKETING_VERSION = 1.1.6;
				PRODUCT_BUNDLE_IDENTIFIER = "hanmok-main.CaliytheLast";
				PRODUCT_NAME = "$(TARGET_NAME)";
				SWIFT_VERSION = 5.0;
				TARGETED_DEVICE_FAMILY = "1,2";
			};
			name = Debug;
		};
		9A083FD124CCD55E001057D2 /* Release */ = {
			isa = XCBuildConfiguration;
			baseConfigurationReference = 8FEA1691EE216580305789D6 /* Pods-Caliy.release.xcconfig */;
			buildSettings = {
				ASSETCATALOG_COMPILER_APPICON_NAME = AppIcon;
				CODE_SIGN_STYLE = Automatic;
				CURRENT_PROJECT_VERSION = 18;
				DEVELOPMENT_TEAM = F23GD77ZRK;
				INFOPLIST_FILE = Caliy/Info.plist;
				IPHONEOS_DEPLOYMENT_TARGET = 13.0;
				LD_RUNPATH_SEARCH_PATHS = (
					"$(inherited)",
					"@executable_path/Frameworks",
				);
				MARKETING_VERSION = 1.1.6;
				ONLY_ACTIVE_ARCH = YES;
				PRODUCT_BUNDLE_IDENTIFIER = "hanmok-main.CaliytheLast";
				PRODUCT_NAME = "$(TARGET_NAME)";
				SWIFT_VERSION = 5.0;
				TARGETED_DEVICE_FAMILY = "1,2";
			};
			name = Release;
		};
		9A083FD324CCD55E001057D2 /* Debug */ = {
			isa = XCBuildConfiguration;
			baseConfigurationReference = 817EBCDE9E6DD8F3CC12E86E /* Pods-CaliyTests.debug.xcconfig */;
			buildSettings = {
				ALWAYS_EMBED_SWIFT_STANDARD_LIBRARIES = YES;
				BUNDLE_LOADER = "$(TEST_HOST)";
				CODE_SIGN_STYLE = Automatic;
				DEVELOPMENT_TEAM = F23GD77ZRK;
				INFOPLIST_FILE = CaliyTests/Info.plist;
				IPHONEOS_DEPLOYMENT_TARGET = 13.6;
				LD_RUNPATH_SEARCH_PATHS = (
					"$(inherited)",
					"@executable_path/Frameworks",
					"@loader_path/Frameworks",
				);
				PRODUCT_BUNDLE_IDENTIFIER = "hanmok-main.CaliyTests";
				PRODUCT_NAME = "$(TARGET_NAME)";
				SWIFT_VERSION = 5.0;
				TARGETED_DEVICE_FAMILY = "1,2";
				TEST_HOST = "$(BUILT_PRODUCTS_DIR)/Caliy.app/Caliy";
			};
			name = Debug;
		};
		9A083FD424CCD55E001057D2 /* Release */ = {
			isa = XCBuildConfiguration;
			baseConfigurationReference = B60123ED03F0BE3CEBEE5AE0 /* Pods-CaliyTests.release.xcconfig */;
			buildSettings = {
				ALWAYS_EMBED_SWIFT_STANDARD_LIBRARIES = YES;
				BUNDLE_LOADER = "$(TEST_HOST)";
				CODE_SIGN_STYLE = Automatic;
				DEVELOPMENT_TEAM = F23GD77ZRK;
				INFOPLIST_FILE = CaliyTests/Info.plist;
				IPHONEOS_DEPLOYMENT_TARGET = 13.6;
				LD_RUNPATH_SEARCH_PATHS = (
					"$(inherited)",
					"@executable_path/Frameworks",
					"@loader_path/Frameworks",
				);
				PRODUCT_BUNDLE_IDENTIFIER = "hanmok-main.CaliyTests";
				PRODUCT_NAME = "$(TARGET_NAME)";
				SWIFT_VERSION = 5.0;
				TARGETED_DEVICE_FAMILY = "1,2";
				TEST_HOST = "$(BUILT_PRODUCTS_DIR)/Caliy.app/Caliy";
			};
			name = Release;
		};
		9A083FD624CCD55E001057D2 /* Debug */ = {
			isa = XCBuildConfiguration;
			baseConfigurationReference = 07C795757253A50038B51B87 /* Pods-Caliy-CaliyUITests.debug.xcconfig */;
			buildSettings = {
				ALWAYS_EMBED_SWIFT_STANDARD_LIBRARIES = YES;
				CODE_SIGN_STYLE = Automatic;
				DEVELOPMENT_TEAM = F23GD77ZRK;
				INFOPLIST_FILE = CaliyUITests/Info.plist;
				LD_RUNPATH_SEARCH_PATHS = (
					"$(inherited)",
					"@executable_path/Frameworks",
					"@loader_path/Frameworks",
				);
				PRODUCT_BUNDLE_IDENTIFIER = "hanmok-main.CaliyUITests";
				PRODUCT_NAME = "$(TARGET_NAME)";
				SWIFT_VERSION = 5.0;
				TARGETED_DEVICE_FAMILY = "1,2";
				TEST_TARGET_NAME = Caliy;
			};
			name = Debug;
		};
		9A083FD724CCD55E001057D2 /* Release */ = {
			isa = XCBuildConfiguration;
			baseConfigurationReference = 6D6080807D27694976AE0BD9 /* Pods-Caliy-CaliyUITests.release.xcconfig */;
			buildSettings = {
				ALWAYS_EMBED_SWIFT_STANDARD_LIBRARIES = YES;
				CODE_SIGN_STYLE = Automatic;
				DEVELOPMENT_TEAM = F23GD77ZRK;
				INFOPLIST_FILE = CaliyUITests/Info.plist;
				LD_RUNPATH_SEARCH_PATHS = (
					"$(inherited)",
					"@executable_path/Frameworks",
					"@loader_path/Frameworks",
				);
				PRODUCT_BUNDLE_IDENTIFIER = "hanmok-main.CaliyUITests";
				PRODUCT_NAME = "$(TARGET_NAME)";
				SWIFT_VERSION = 5.0;
				TARGETED_DEVICE_FAMILY = "1,2";
				TEST_TARGET_NAME = Caliy;
			};
			name = Release;
		};
/* End XCBuildConfiguration section */

/* Begin XCConfigurationList section */
		9A083F9D24CCD55D001057D2 /* Build configuration list for PBXProject "Caliy" */ = {
			isa = XCConfigurationList;
			buildConfigurations = (
				9A083FCD24CCD55E001057D2 /* Debug */,
				9A083FCE24CCD55E001057D2 /* Release */,
			);
			defaultConfigurationIsVisible = 0;
			defaultConfigurationName = Release;
		};
		9A083FCF24CCD55E001057D2 /* Build configuration list for PBXNativeTarget "Caliy" */ = {
			isa = XCConfigurationList;
			buildConfigurations = (
				9A083FD024CCD55E001057D2 /* Debug */,
				9A083FD124CCD55E001057D2 /* Release */,
			);
			defaultConfigurationIsVisible = 0;
			defaultConfigurationName = Release;
		};
		9A083FD224CCD55E001057D2 /* Build configuration list for PBXNativeTarget "CaliyTests" */ = {
			isa = XCConfigurationList;
			buildConfigurations = (
				9A083FD324CCD55E001057D2 /* Debug */,
				9A083FD424CCD55E001057D2 /* Release */,
			);
			defaultConfigurationIsVisible = 0;
			defaultConfigurationName = Release;
		};
		9A083FD524CCD55E001057D2 /* Build configuration list for PBXNativeTarget "CaliyUITests" */ = {
			isa = XCConfigurationList;
			buildConfigurations = (
				9A083FD624CCD55E001057D2 /* Debug */,
				9A083FD724CCD55E001057D2 /* Release */,
			);
			defaultConfigurationIsVisible = 0;
			defaultConfigurationName = Release;
		};
/* End XCConfigurationList section */

/* Begin XCVersionGroup section */
		9A083FAE24CCD55D001057D2 /* Caliy.xcdatamodeld */ = {
			isa = XCVersionGroup;
			children = (
				9A083FAF24CCD55D001057D2 /* Caliy.xcdatamodel */,
			);
			currentVersion = 9A083FAF24CCD55D001057D2 /* Caliy.xcdatamodel */;
			path = Caliy.xcdatamodeld;
			sourceTree = "<group>";
			versionGroupType = wrapper.xcdatamodel;
		};
/* End XCVersionGroup section */
	};
	rootObject = 9A083F9A24CCD55D001057D2 /* Project object */;
}
